// !$*UTF8*$!
{
	archiveVersion = 1;
	classes = {
	};
	objectVersion = 56;
	objects = {

/* Begin PBXBuildFile section */
		2E1F50CB2B5E82F5007E8C41 /* libgc.a in Frameworks */ = {isa = PBXBuildFile; fileRef = 2E1F50CA2B5E82F5007E8C41 /* libgc.a */; };
		2EDAED7B2B5E921000281099 /* main.c in Sources */ = {isa = PBXBuildFile; fileRef = 2EDAED7A2B5E921000281099 /* main.c */; };
/* End PBXBuildFile section */

/* Begin PBXCopyFilesBuildPhase section */
		2EC0ECA72B5D2F730015ABF3 /* CopyFiles */ = {
			isa = PBXCopyFilesBuildPhase;
			buildActionMask = 2147483647;
			dstPath = /usr/share/man/man1/;
			dstSubfolderSpec = 0;
			files = (
			);
			runOnlyForDeploymentPostprocessing = 1;
		};
/* End PBXCopyFilesBuildPhase section */

/* Begin PBXFileReference section */
		2E1F50BC2B5D35EA007E8C41 /* licence.txt */ = {isa = PBXFileReference; fileEncoding = 4; lastKnownFileType = text; path = licence.txt; sourceTree = "<group>"; };
		2E1F50BE2B5D35EB007E8C41 /* todo */ = {isa = PBXFileReference; fileEncoding = 4; lastKnownFileType = text; path = todo; sourceTree = "<group>"; };
		2E1F50C02B5D35EB007E8C41 /* readme.md */ = {isa = PBXFileReference; fileEncoding = 4; lastKnownFileType = net.daringfireball.markdown; path = readme.md; sourceTree = "<group>"; };
		2E1F50C12B5D35EB007E8C41 /* std */ = {isa = PBXFileReference; lastKnownFileType = folder; path = std; sourceTree = "<group>"; };
		2E1F50C22B5D35EB007E8C41 /* scripts */ = {isa = PBXFileReference; lastKnownFileType = folder; path = scripts; sourceTree = "<group>"; };
		2E1F50C32B5D35EB007E8C41 /* cedilla.h */ = {isa = PBXFileReference; fileEncoding = 4; lastKnownFileType = sourcecode.c.h; path = cedilla.h; sourceTree = "<group>"; };
		2E1F50CA2B5E82F5007E8C41 /* libgc.a */ = {isa = PBXFileReference; lastKnownFileType = archive.ar; name = libgc.a; path = "../../../../usr/local/Cellar/bdw-gc/8.2.4/lib/libgc.a"; sourceTree = "<group>"; };
		2EC0ECA92B5D2F730015ABF3 /* cedilla */ = {isa = PBXFileReference; explicitFileType = "compiled.mach-o.executable"; includeInIndex = 0; path = cedilla; sourceTree = BUILT_PRODUCTS_DIR; };
		2EDAED7A2B5E921000281099 /* main.c */ = {isa = PBXFileReference; lastKnownFileType = sourcecode.c.c; path = main.c; sourceTree = "<group>"; };
/* End PBXFileReference section */

/* Begin PBXFrameworksBuildPhase section */
		2EC0ECA62B5D2F730015ABF3 /* Frameworks */ = {
			isa = PBXFrameworksBuildPhase;
			buildActionMask = 2147483647;
			files = (
				2E1F50CB2B5E82F5007E8C41 /* libgc.a in Frameworks */,
			);
			runOnlyForDeploymentPostprocessing = 0;
		};
/* End PBXFrameworksBuildPhase section */

/* Begin PBXGroup section */
		2E1F50C72B5E8195007E8C41 /* Frameworks */ = {
			isa = PBXGroup;
			children = (
				2E1F50CA2B5E82F5007E8C41 /* libgc.a */,
			);
			name = Frameworks;
			sourceTree = "<group>";
		};
		2EC0ECA02B5D2F730015ABF3 = {
			isa = PBXGroup;
			children = (
				2EDAED772B5E913E00281099 /* tests */,
				2E1F50C32B5D35EB007E8C41 /* cedilla.h */,
				2E1F50BC2B5D35EA007E8C41 /* licence.txt */,
				2E1F50C02B5D35EB007E8C41 /* readme.md */,
				2E1F50BE2B5D35EB007E8C41 /* todo */,
				2E1F50C22B5D35EB007E8C41 /* scripts */,
				2E1F50C12B5D35EB007E8C41 /* std */,
				2EC0ECAA2B5D2F730015ABF3 /* Products */,
				2E1F50C72B5E8195007E8C41 /* Frameworks */,
			);
			sourceTree = "<group>";
		};
		2EC0ECAA2B5D2F730015ABF3 /* Products */ = {
			isa = PBXGroup;
			children = (
				2EC0ECA92B5D2F730015ABF3 /* cedilla */,
			);
			name = Products;
			sourceTree = "<group>";
		};
		2EDAED772B5E913E00281099 /* tests */ = {
			isa = PBXGroup;
			children = (
				2EDAED7A2B5E921000281099 /* main.c */,
			);
			path = tests;
			sourceTree = "<group>";
			wrapsLines = 1;
		};
/* End PBXGroup section */

/* Begin PBXNativeTarget section */
		2EC0ECA82B5D2F730015ABF3 /* cedilla */ = {
			isa = PBXNativeTarget;
			buildConfigurationList = 2EC0ECB02B5D2F730015ABF3 /* Build configuration list for PBXNativeTarget "cedilla" */;
			buildPhases = (
				2EC0ECA52B5D2F730015ABF3 /* Sources */,
				2EC0ECA62B5D2F730015ABF3 /* Frameworks */,
				2EC0ECA72B5D2F730015ABF3 /* CopyFiles */,
			);
			buildRules = (
			);
			dependencies = (
			);
			name = cedilla;
			productName = test;
			productReference = 2EC0ECA92B5D2F730015ABF3 /* cedilla */;
			productType = "com.apple.product-type.tool";
		};
/* End PBXNativeTarget section */

/* Begin PBXProject section */
		2EC0ECA12B5D2F730015ABF3 /* Project object */ = {
			isa = PBXProject;
			attributes = {
				BuildIndependentTargetsInParallel = 1;
				LastSwiftUpdateCheck = 1420;
				LastUpgradeCheck = 1420;
				TargetAttributes = {
					2EC0ECA82B5D2F730015ABF3 = {
						CreatedOnToolsVersion = 14.2;
						LastSwiftMigration = 1420;
					};
				};
			};
			buildConfigurationList = 2EC0ECA42B5D2F730015ABF3 /* Build configuration list for PBXProject "cedilla" */;
			compatibilityVersion = "Xcode 14.0";
			developmentRegion = en;
			hasScannedForEncodings = 0;
			knownRegions = (
				en,
				Base,
			);
			mainGroup = 2EC0ECA02B5D2F730015ABF3;
			productRefGroup = 2EC0ECAA2B5D2F730015ABF3 /* Products */;
			projectDirPath = "";
			projectRoot = "";
			targets = (
				2EC0ECA82B5D2F730015ABF3 /* cedilla */,
			);
		};
/* End PBXProject section */

/* Begin PBXSourcesBuildPhase section */
		2EC0ECA52B5D2F730015ABF3 /* Sources */ = {
			isa = PBXSourcesBuildPhase;
			buildActionMask = 2147483647;
			files = (
				2EDAED7B2B5E921000281099 /* main.c in Sources */,
			);
			runOnlyForDeploymentPostprocessing = 0;
		};
/* End PBXSourcesBuildPhase section */

/* Begin XCBuildConfiguration section */
		2EC0ECAE2B5D2F730015ABF3 /* Debug */ = {
			isa = XCBuildConfiguration;
			buildSettings = {
				ALWAYS_SEARCH_USER_PATHS = NO;
				CLANG_ANALYZER_NONNULL = YES;
				CLANG_ANALYZER_NUMBER_OBJECT_CONVERSION = YES_AGGRESSIVE;
				CLANG_CXX_LANGUAGE_STANDARD = "gnu++20";
				CLANG_ENABLE_MODULES = YES;
				CLANG_ENABLE_OBJC_ARC = YES;
				CLANG_ENABLE_OBJC_WEAK = YES;
				CLANG_WARN_BLOCK_CAPTURE_AUTORELEASING = YES;
				CLANG_WARN_BOOL_CONVERSION = YES;
				CLANG_WARN_COMMA = YES;
				CLANG_WARN_CONSTANT_CONVERSION = YES;
				CLANG_WARN_DEPRECATED_OBJC_IMPLEMENTATIONS = YES;
				CLANG_WARN_DIRECT_OBJC_ISA_USAGE = YES_ERROR;
				CLANG_WARN_DOCUMENTATION_COMMENTS = YES;
				CLANG_WARN_EMPTY_BODY = YES;
				CLANG_WARN_ENUM_CONVERSION = YES;
				CLANG_WARN_INFINITE_RECURSION = YES;
				CLANG_WARN_INT_CONVERSION = YES;
				CLANG_WARN_NON_LITERAL_NULL_CONVERSION = YES;
				CLANG_WARN_OBJC_IMPLICIT_RETAIN_SELF = YES;
				CLANG_WARN_OBJC_LITERAL_CONVERSION = YES;
				CLANG_WARN_OBJC_ROOT_CLASS = YES_ERROR;
				CLANG_WARN_QUOTED_INCLUDE_IN_FRAMEWORK_HEADER = YES;
				CLANG_WARN_RANGE_LOOP_ANALYSIS = YES;
				CLANG_WARN_STRICT_PROTOTYPES = YES;
				CLANG_WARN_SUSPICIOUS_MOVE = YES;
				CLANG_WARN_UNGUARDED_AVAILABILITY = YES_AGGRESSIVE;
				CLANG_WARN_UNREACHABLE_CODE = YES;
				CLANG_WARN__DUPLICATE_METHOD_MATCH = YES;
				COPY_PHASE_STRIP = NO;
				DEBUG_INFORMATION_FORMAT = dwarf;
				ENABLE_STRICT_OBJC_MSGSEND = YES;
				ENABLE_TESTABILITY = YES;
				GCC_C_LANGUAGE_STANDARD = gnu11;
				GCC_DYNAMIC_NO_PIC = NO;
				GCC_NO_COMMON_BLOCKS = YES;
				GCC_OPTIMIZATION_LEVEL = 0;
				GCC_PREPROCESSOR_DEFINITIONS = (
					"DEBUG=1",
					"$(inherited)",
				);
				GCC_WARN_64_TO_32_BIT_CONVERSION = YES;
				GCC_WARN_ABOUT_RETURN_TYPE = YES_ERROR;
				GCC_WARN_UNDECLARED_SELECTOR = YES;
				GCC_WARN_UNINITIALIZED_AUTOS = YES_AGGRESSIVE;
				GCC_WARN_UNUSED_FUNCTION = YES;
				GCC_WARN_UNUSED_VARIABLE = YES;
				MACOSX_DEPLOYMENT_TARGET = 13.1;
				MTL_ENABLE_DEBUG_INFO = INCLUDE_SOURCE;
				MTL_FAST_MATH = YES;
				ONLY_ACTIVE_ARCH = YES;
				SDKROOT = macosx;
				SWIFT_ACTIVE_COMPILATION_CONDITIONS = DEBUG;
				SWIFT_OPTIMIZATION_LEVEL = "-Onone";
			};
			name = Debug;
		};
		2EC0ECAF2B5D2F730015ABF3 /* Release */ = {
			isa = XCBuildConfiguration;
			buildSettings = {
				ALWAYS_SEARCH_USER_PATHS = NO;
				CLANG_ANALYZER_NONNULL = YES;
				CLANG_ANALYZER_NUMBER_OBJECT_CONVERSION = YES_AGGRESSIVE;
				CLANG_CXX_LANGUAGE_STANDARD = "gnu++20";
				CLANG_ENABLE_MODULES = YES;
				CLANG_ENABLE_OBJC_ARC = YES;
				CLANG_ENABLE_OBJC_WEAK = YES;
				CLANG_WARN_BLOCK_CAPTURE_AUTORELEASING = YES;
				CLANG_WARN_BOOL_CONVERSION = YES;
				CLANG_WARN_COMMA = YES;
				CLANG_WARN_CONSTANT_CONVERSION = YES;
				CLANG_WARN_DEPRECATED_OBJC_IMPLEMENTATIONS = YES;
				CLANG_WARN_DIRECT_OBJC_ISA_USAGE = YES_ERROR;
				CLANG_WARN_DOCUMENTATION_COMMENTS = YES;
				CLANG_WARN_EMPTY_BODY = YES;
				CLANG_WARN_ENUM_CONVERSION = YES;
				CLANG_WARN_INFINITE_RECURSION = YES;
				CLANG_WARN_INT_CONVERSION = YES;
				CLANG_WARN_NON_LITERAL_NULL_CONVERSION = YES;
				CLANG_WARN_OBJC_IMPLICIT_RETAIN_SELF = YES;
				CLANG_WARN_OBJC_LITERAL_CONVERSION = YES;
				CLANG_WARN_OBJC_ROOT_CLASS = YES_ERROR;
				CLANG_WARN_QUOTED_INCLUDE_IN_FRAMEWORK_HEADER = YES;
				CLANG_WARN_RANGE_LOOP_ANALYSIS = YES;
				CLANG_WARN_STRICT_PROTOTYPES = YES;
				CLANG_WARN_SUSPICIOUS_MOVE = YES;
				CLANG_WARN_UNGUARDED_AVAILABILITY = YES_AGGRESSIVE;
				CLANG_WARN_UNREACHABLE_CODE = YES;
				CLANG_WARN__DUPLICATE_METHOD_MATCH = YES;
				COPY_PHASE_STRIP = NO;
				DEBUG_INFORMATION_FORMAT = "dwarf-with-dsym";
				ENABLE_NS_ASSERTIONS = NO;
				ENABLE_STRICT_OBJC_MSGSEND = YES;
				GCC_C_LANGUAGE_STANDARD = gnu11;
				GCC_NO_COMMON_BLOCKS = YES;
				GCC_WARN_64_TO_32_BIT_CONVERSION = YES;
				GCC_WARN_ABOUT_RETURN_TYPE = YES_ERROR;
				GCC_WARN_UNDECLARED_SELECTOR = YES;
				GCC_WARN_UNINITIALIZED_AUTOS = YES_AGGRESSIVE;
				GCC_WARN_UNUSED_FUNCTION = YES;
				GCC_WARN_UNUSED_VARIABLE = YES;
				MACOSX_DEPLOYMENT_TARGET = 13.1;
				MTL_ENABLE_DEBUG_INFO = NO;
				MTL_FAST_MATH = YES;
				SDKROOT = macosx;
				SWIFT_COMPILATION_MODE = wholemodule;
				SWIFT_OPTIMIZATION_LEVEL = "-O";
			};
			name = Release;
		};
		2EC0ECB12B5D2F730015ABF3 /* Debug */ = {
			isa = XCBuildConfiguration;
			buildSettings = {
				ALWAYS_SEARCH_USER_PATHS = YES;
				CLANG_ENABLE_MODULES = YES;
				CODE_SIGN_STYLE = Automatic;
				LD_RUNPATH_SEARCH_PATHS = (
					"$(inherited)",
					"@executable_path/../Frameworks",
					"@loader_path/../Frameworks",
				);
				LIBRARY_SEARCH_PATHS = (
					"$(PROJECT_DIR)",
					"/usr/local/Cellar/bdw-gc/8.2.4/lib",
				);
				OTHER_CFLAGS = (
					"-Wno-microsoft-anon-tag",
					"-fms-extensions",
					"-I/usr/local/Cellar/bdw-gc/8.2.4/include",
				);
				PRODUCT_NAME = "$(TARGET_NAME)";
				SWIFT_OPTIMIZATION_LEVEL = "-Onone";
				SWIFT_VERSION = 5.0;
			};
			name = Debug;
		};
		2EC0ECB22B5D2F730015ABF3 /* Release */ = {
			isa = XCBuildConfiguration;
			buildSettings = {
				ALWAYS_SEARCH_USER_PATHS = YES;
				CLANG_ENABLE_MODULES = YES;
				CODE_SIGN_STYLE = Automatic;
				LD_RUNPATH_SEARCH_PATHS = (
					"$(inherited)",
					"@executable_path/../Frameworks",
					"@loader_path/../Frameworks",
				);
				LIBRARY_SEARCH_PATHS = (
					"$(PROJECT_DIR)",
					"/usr/local/Cellar/bdw-gc/8.2.4/lib",
				);
				OTHER_CFLAGS = (
					"-Wno-microsoft-anon-tag",
					"-fms-extensions",
					"-I/usr/local/Cellar/bdw-gc/8.2.4/include",
				);
				PRODUCT_NAME = "$(TARGET_NAME)";
				SWIFT_VERSION = 5.0;
			};
			name = Release;
		};
/* End XCBuildConfiguration section */

/* Begin XCConfigurationList section */
		2EC0ECA42B5D2F730015ABF3 /* Build configuration list for PBXProject "cedilla" */ = {
			isa = XCConfigurationList;
			buildConfigurations = (
				2EC0ECAE2B5D2F730015ABF3 /* Debug */,
				2EC0ECAF2B5D2F730015ABF3 /* Release */,
			);
			defaultConfigurationIsVisible = 0;
			defaultConfigurationName = Release;
		};
		2EC0ECB02B5D2F730015ABF3 /* Build configuration list for PBXNativeTarget "cedilla" */ = {
			isa = XCConfigurationList;
			buildConfigurations = (
				2EC0ECB12B5D2F730015ABF3 /* Debug */,
				2EC0ECB22B5D2F730015ABF3 /* Release */,
			);
			defaultConfigurationIsVisible = 0;
			defaultConfigurationName = Release;
		};
/* End XCConfigurationList section */
	};
	rootObject = 2EC0ECA12B5D2F730015ABF3 /* Project object */;
}
